// !$*UTF8*$!
{
	archiveVersion = 1;
	classes = {
	};
	objectVersion = 50;
	objects = {

/* Begin PBXBuildFile section */
		18482E1F226455D8002FFD99 /* AppDelegate.swift in Sources */ = {isa = PBXBuildFile; fileRef = 18482E1E226455D8002FFD99 /* AppDelegate.swift */; };
		18482E21226455D8002FFD99 /* ViewController.swift in Sources */ = {isa = PBXBuildFile; fileRef = 18482E20226455D8002FFD99 /* ViewController.swift */; };
		18482E24226455D8002FFD99 /* Main.storyboard in Resources */ = {isa = PBXBuildFile; fileRef = 18482E22226455D8002FFD99 /* Main.storyboard */; };
		18482E26226455DB002FFD99 /* Assets.xcassets in Resources */ = {isa = PBXBuildFile; fileRef = 18482E25226455DB002FFD99 /* Assets.xcassets */; };
		18482E29226455DB002FFD99 /* LaunchScreen.storyboard in Resources */ = {isa = PBXBuildFile; fileRef = 18482E27226455DB002FFD99 /* LaunchScreen.storyboard */; };
		18482E34226455DB002FFD99 /* UnitTestingDemoTests.swift in Sources */ = {isa = PBXBuildFile; fileRef = 18482E33226455DB002FFD99 /* UnitTestingDemoTests.swift */; };
		18482E3F22645846002FFD99 /* Student.swift in Sources */ = {isa = PBXBuildFile; fileRef = 18482E3E22645846002FFD99 /* Student.swift */; };
		18482E4122645EA1002FFD99 /* StudentTests.swift in Sources */ = {isa = PBXBuildFile; fileRef = 18482E4022645EA1002FFD99 /* StudentTests.swift */; };
/* End PBXBuildFile section */

/* Begin PBXContainerItemProxy section */
		18482E30226455DB002FFD99 /* PBXContainerItemProxy */ = {
			isa = PBXContainerItemProxy;
			containerPortal = 18482E13226455D8002FFD99 /* Project object */;
			proxyType = 1;
			remoteGlobalIDString = 18482E1A226455D8002FFD99;
			remoteInfo = UnitTestingDemo;
		};
/* End PBXContainerItemProxy section */

/* Begin PBXFileReference section */
		18482E1B226455D8002FFD99 /* UnitTestingDemo.app */ = {isa = PBXFileReference; explicitFileType = wrapper.application; includeInIndex = 0; path = UnitTestingDemo.app; sourceTree = BUILT_PRODUCTS_DIR; };
		18482E1E226455D8002FFD99 /* AppDelegate.swift */ = {isa = PBXFileReference; lastKnownFileType = sourcecode.swift; path = AppDelegate.swift; sourceTree = "<group>"; };
		18482E20226455D8002FFD99 /* ViewController.swift */ = {isa = PBXFileReference; lastKnownFileType = sourcecode.swift; path = ViewController.swift; sourceTree = "<group>"; };
		18482E23226455D8002FFD99 /* Base */ = {isa = PBXFileReference; lastKnownFileType = file.storyboard; name = Base; path = Base.lproj/Main.storyboard; sourceTree = "<group>"; };
		18482E25226455DB002FFD99 /* Assets.xcassets */ = {isa = PBXFileReference; lastKnownFileType = folder.assetcatalog; path = Assets.xcassets; sourceTree = "<group>"; };
		18482E28226455DB002FFD99 /* Base */ = {isa = PBXFileReference; lastKnownFileType = file.storyboard; name = Base; path = Base.lproj/LaunchScreen.storyboard; sourceTree = "<group>"; };
		18482E2A226455DB002FFD99 /* Info.plist */ = {isa = PBXFileReference; lastKnownFileType = text.plist.xml; path = Info.plist; sourceTree = "<group>"; };
		18482E2F226455DB002FFD99 /* UnitTestingDemoTests.xctest */ = {isa = PBXFileReference; explicitFileType = wrapper.cfbundle; includeInIndex = 0; path = UnitTestingDemoTests.xctest; sourceTree = BUILT_PRODUCTS_DIR; };
		18482E33226455DB002FFD99 /* UnitTestingDemoTests.swift */ = {isa = PBXFileReference; lastKnownFileType = sourcecode.swift; path = UnitTestingDemoTests.swift; sourceTree = "<group>"; };
		18482E35226455DB002FFD99 /* Info.plist */ = {isa = PBXFileReference; lastKnownFileType = text.plist.xml; path = Info.plist; sourceTree = "<group>"; };
		18482E3E22645846002FFD99 /* Student.swift */ = {isa = PBXFileReference; lastKnownFileType = sourcecode.swift; path = Student.swift; sourceTree = "<group>"; };
		18482E4022645EA1002FFD99 /* StudentTests.swift */ = {isa = PBXFileReference; lastKnownFileType = sourcecode.swift; path = StudentTests.swift; sourceTree = "<group>"; };
/* End PBXFileReference section */

/* Begin PBXFrameworksBuildPhase section */
		18482E18226455D8002FFD99 /* Frameworks */ = {
			isa = PBXFrameworksBuildPhase;
			buildActionMask = 2147483647;
			files = (
			);
			runOnlyForDeploymentPostprocessing = 0;
		};
		18482E2C226455DB002FFD99 /* Frameworks */ = {
			isa = PBXFrameworksBuildPhase;
			buildActionMask = 2147483647;
			files = (
			);
			runOnlyForDeploymentPostprocessing = 0;
		};
/* End PBXFrameworksBuildPhase section */

/* Begin PBXGroup section */
		18482E12226455D8002FFD99 = {
			isa = PBXGroup;
			children = (
				18482E1D226455D8002FFD99 /* UnitTestingDemo */,
				18482E32226455DB002FFD99 /* UnitTestingDemoTests */,
				18482E1C226455D8002FFD99 /* Products */,
			);
			sourceTree = "<group>";
		};
		18482E1C226455D8002FFD99 /* Products */ = {
			isa = PBXGroup;
			children = (
				18482E1B226455D8002FFD99 /* UnitTestingDemo.app */,
				18482E2F226455DB002FFD99 /* UnitTestingDemoTests.xctest */,
			);
			name = Products;
			sourceTree = "<group>";
		};
		18482E1D226455D8002FFD99 /* UnitTestingDemo */ = {
			isa = PBXGroup;
			children = (
				18482E1E226455D8002FFD99 /* AppDelegate.swift */,
				18482E20226455D8002FFD99 /* ViewController.swift */,
				18482E22226455D8002FFD99 /* Main.storyboard */,
				18482E25226455DB002FFD99 /* Assets.xcassets */,
				18482E27226455DB002FFD99 /* LaunchScreen.storyboard */,
				18482E2A226455DB002FFD99 /* Info.plist */,
				18482E3E22645846002FFD99 /* Student.swift */,
			);
			path = UnitTestingDemo;
			sourceTree = "<group>";
		};
		18482E32226455DB002FFD99 /* UnitTestingDemoTests */ = {
			isa = PBXGroup;
			children = (
				18482E33226455DB002FFD99 /* UnitTestingDemoTests.swift */,
				18482E35226455DB002FFD99 /* Info.plist */,
				18482E4022645EA1002FFD99 /* StudentTests.swift */,
			);
			path = UnitTestingDemoTests;
			sourceTree = "<group>";
		};
/* End PBXGroup section */

/* Begin PBXNativeTarget section */
		18482E1A226455D8002FFD99 /* UnitTestingDemo */ = {
			isa = PBXNativeTarget;
			buildConfigurationList = 18482E38226455DB002FFD99 /* Build configuration list for PBXNativeTarget "UnitTestingDemo" */;
			buildPhases = (
				18482E17226455D8002FFD99 /* Sources */,
				18482E18226455D8002FFD99 /* Frameworks */,
				18482E19226455D8002FFD99 /* Resources */,
			);
			buildRules = (
			);
			dependencies = (
			);
			name = UnitTestingDemo;
			productName = UnitTestingDemo;
			productReference = 18482E1B226455D8002FFD99 /* UnitTestingDemo.app */;
			productType = "com.apple.product-type.application";
		};
		18482E2E226455DB002FFD99 /* UnitTestingDemoTests */ = {
			isa = PBXNativeTarget;
			buildConfigurationList = 18482E3B226455DB002FFD99 /* Build configuration list for PBXNativeTarget "UnitTestingDemoTests" */;
			buildPhases = (
				18482E2B226455DB002FFD99 /* Sources */,
				18482E2C226455DB002FFD99 /* Frameworks */,
				18482E2D226455DB002FFD99 /* Resources */,
			);
			buildRules = (
			);
			dependencies = (
				18482E31226455DB002FFD99 /* PBXTargetDependency */,
			);
			name = UnitTestingDemoTests;
			productName = UnitTestingDemoTests;
			productReference = 18482E2F226455DB002FFD99 /* UnitTestingDemoTests.xctest */;
			productType = "com.apple.product-type.bundle.unit-test";
		};
/* End PBXNativeTarget section */

/* Begin PBXProject section */
		18482E13226455D8002FFD99 /* Project object */ = {
			isa = PBXProject;
			attributes = {
				LastSwiftUpdateCheck = 1020;
				LastUpgradeCheck = 1020;
				ORGANIZATIONNAME = kayosys;
				TargetAttributes = {
					18482E1A226455D8002FFD99 = {
						CreatedOnToolsVersion = 10.2;
					};
					18482E2E226455DB002FFD99 = {
						CreatedOnToolsVersion = 10.2;
						TestTargetID = 18482E1A226455D8002FFD99;
					};
				};
			};
			buildConfigurationList = 18482E16226455D8002FFD99 /* Build configuration list for PBXProject "UnitTestingDemo" */;
			compatibilityVersion = "Xcode 9.3";
			developmentRegion = en;
			hasScannedForEncodings = 0;
			knownRegions = (
				en,
				Base,
			);
			mainGroup = 18482E12226455D8002FFD99;
			productRefGroup = 18482E1C226455D8002FFD99 /* Products */;
			projectDirPath = "";
			projectRoot = "";
			targets = (
				18482E1A226455D8002FFD99 /* UnitTestingDemo */,
				18482E2E226455DB002FFD99 /* UnitTestingDemoTests */,
			);
		};
/* End PBXProject section */

/* Begin PBXResourcesBuildPhase section */
		18482E19226455D8002FFD99 /* Resources */ = {
			isa = PBXResourcesBuildPhase;
			buildActionMask = 2147483647;
			files = (
				18482E29226455DB002FFD99 /* LaunchScreen.storyboard in Resources */,
				18482E26226455DB002FFD99 /* Assets.xcassets in Resources */,
				18482E24226455D8002FFD99 /* Main.storyboard in Resources */,
			);
			runOnlyForDeploymentPostprocessing = 0;
		};
		18482E2D226455DB002FFD99 /* Resources */ = {
			isa = PBXResourcesBuildPhase;
			buildActionMask = 2147483647;
			files = (
			);
			runOnlyForDeploymentPostprocessing = 0;
		};
/* End PBXResourcesBuildPhase section */

/* Begin PBXSourcesBuildPhase section */
		18482E17226455D8002FFD99 /* Sources */ = {
			isa = PBXSourcesBuildPhase;
			buildActionMask = 2147483647;
			files = (
				18482E21226455D8002FFD99 /* ViewController.swift in Sources */,
				18482E3F22645846002FFD99 /* Student.swift in Sources */,
				18482E1F226455D8002FFD99 /* AppDelegate.swift in Sources */,
			);
			runOnlyForDeploymentPostprocessing = 0;
		};
		18482E2B226455DB002FFD99 /* Sources */ = {
			isa = PBXSourcesBuildPhase;
			buildActionMask = 2147483647;
			files = (
				18482E34226455DB002FFD99 /* UnitTestingDemoTests.swift in Sources */,
				18482E4122645EA1002FFD99 /* StudentTests.swift in Sources */,
			);
			runOnlyForDeploymentPostprocessing = 0;
		};
/* End PBXSourcesBuildPhase section */

/* Begin PBXTargetDependency section */
		18482E31226455DB002FFD99 /* PBXTargetDependency */ = {
			isa = PBXTargetDependency;
			target = 18482E1A226455D8002FFD99 /* UnitTestingDemo */;
			targetProxy = 18482E30226455DB002FFD99 /* PBXContainerItemProxy */;
		};
/* End PBXTargetDependency section */

/* Begin PBXVariantGroup section */
		18482E22226455D8002FFD99 /* Main.storyboard */ = {
			isa = PBXVariantGroup;
			children = (
				18482E23226455D8002FFD99 /* Base */,
			);
			name = Main.storyboard;
			sourceTree = "<group>";
		};
		18482E27226455DB002FFD99 /* LaunchScreen.storyboard */ = {
			isa = PBXVariantGroup;
			children = (
				18482E28226455DB002FFD99 /* Base */,
			);
			name = LaunchScreen.storyboard;
			sourceTree = "<group>";
		};
/* End PBXVariantGroup section */

/* Begin XCBuildConfiguration section */
		18482E36226455DB002FFD99 /* Debug */ = {
			isa = XCBuildConfiguration;
			buildSettings = {
				ALWAYS_SEARCH_USER_PATHS = NO;
				CLANG_ANALYZER_NONNULL = YES;
				CLANG_ANALYZER_NUMBER_OBJECT_CONVERSION = YES_AGGRESSIVE;
				CLANG_CXX_LANGUAGE_STANDARD = "gnu++14";
				CLANG_CXX_LIBRARY = "libc++";
				CLANG_ENABLE_MODULES = YES;
				CLANG_ENABLE_OBJC_ARC = YES;
				CLANG_ENABLE_OBJC_WEAK = YES;
				CLANG_WARN_BLOCK_CAPTURE_AUTORELEASING = YES;
				CLANG_WARN_BOOL_CONVERSION = YES;
				CLANG_WARN_COMMA = YES;
				CLANG_WARN_CONSTANT_CONVERSION = YES;
				CLANG_WARN_DEPRECATED_OBJC_IMPLEMENTATIONS = YES;
				CLANG_WARN_DIRECT_OBJC_ISA_USAGE = YES_ERROR;
				CLANG_WARN_DOCUMENTATION_COMMENTS = YES;
				CLANG_WARN_EMPTY_BODY = YES;
				CLANG_WARN_ENUM_CONVERSION = YES;
				CLANG_WARN_INFINITE_RECURSION = YES;
				CLANG_WARN_INT_CONVERSION = YES;
				CLANG_WARN_NON_LITERAL_NULL_CONVERSION = YES;
				CLANG_WARN_OBJC_IMPLICIT_RETAIN_SELF = YES;
				CLANG_WARN_OBJC_LITERAL_CONVERSION = YES;
				CLANG_WARN_OBJC_ROOT_CLASS = YES_ERROR;
				CLANG_WARN_RANGE_LOOP_ANALYSIS = YES;
				CLANG_WARN_STRICT_PROTOTYPES = YES;
				CLANG_WARN_SUSPICIOUS_MOVE = YES;
				CLANG_WARN_UNGUARDED_AVAILABILITY = YES_AGGRESSIVE;
				CLANG_WARN_UNREACHABLE_CODE = YES;
				CLANG_WARN__DUPLICATE_METHOD_MATCH = YES;
				CODE_SIGN_IDENTITY = "iPhone Developer";
				COPY_PHASE_STRIP = NO;
				DEBUG_INFORMATION_FORMAT = dwarf;
				ENABLE_STRICT_OBJC_MSGSEND = YES;
				ENABLE_TESTABILITY = YES;
				GCC_C_LANGUAGE_STANDARD = gnu11;
				GCC_DYNAMIC_NO_PIC = NO;
				GCC_NO_COMMON_BLOCKS = YES;
				GCC_OPTIMIZATION_LEVEL = 0;
				GCC_PREPROCESSOR_DEFINITIONS = (
					"DEBUG=1",
					"$(inherited)",
				);
				GCC_WARN_64_TO_32_BIT_CONVERSION = YES;
				GCC_WARN_ABOUT_RETURN_TYPE = YES_ERROR;
				GCC_WARN_UNDECLARED_SELECTOR = YES;
				GCC_WARN_UNINITIALIZED_AUTOS = YES_AGGRESSIVE;
				GCC_WARN_UNUSED_FUNCTION = YES;
				GCC_WARN_UNUSED_VARIABLE = YES;
				IPHONEOS_DEPLOYMENT_TARGET = 12.2;
				MTL_ENABLE_DEBUG_INFO = INCLUDE_SOURCE;
				MTL_FAST_MATH = YES;
				ONLY_ACTIVE_ARCH = YES;
				SDKROOT = iphoneos;
				SWIFT_ACTIVE_COMPILATION_CONDITIONS = DEBUG;
				SWIFT_OPTIMIZATION_LEVEL = "-Onone";
			};
			name = Debug;
		};
		18482E37226455DB002FFD99 /* Release */ = {
			isa = XCBuildConfiguration;
			buildSettings = {
				ALWAYS_SEARCH_USER_PATHS = NO;
				CLANG_ANALYZER_NONNULL = YES;
				CLANG_ANALYZER_NUMBER_OBJECT_CONVERSION = YES_AGGRESSIVE;
				CLANG_CXX_LANGUAGE_STANDARD = "gnu++14";
				CLANG_CXX_LIBRARY = "libc++";
				CLANG_ENABLE_MODULES = YES;
				CLANG_ENABLE_OBJC_ARC = YES;
				CLANG_ENABLE_OBJC_WEAK = YES;
				CLANG_WARN_BLOCK_CAPTURE_AUTORELEASING = YES;
				CLANG_WARN_BOOL_CONVERSION = YES;
				CLANG_WARN_COMMA = YES;
				CLANG_WARN_CONSTANT_CONVERSION = YES;
				CLANG_WARN_DEPRECATED_OBJC_IMPLEMENTATIONS = YES;
				CLANG_WARN_DIRECT_OBJC_ISA_USAGE = YES_ERROR;
				CLANG_WARN_DOCUMENTATION_COMMENTS = YES;
				CLANG_WARN_EMPTY_BODY = YES;
				CLANG_WARN_ENUM_CONVERSION = YES;
				CLANG_WARN_INFINITE_RECURSION = YES;
				CLANG_WARN_INT_CONVERSION = YES;
				CLANG_WARN_NON_LITERAL_NULL_CONVERSION = YES;
				CLANG_WARN_OBJC_IMPLICIT_RETAIN_SELF = YES;
				CLANG_WARN_OBJC_LITERAL_CONVERSION = YES;
				CLANG_WARN_OBJC_ROOT_CLASS = YES_ERROR;
				CLANG_WARN_RANGE_LOOP_ANALYSIS = YES;
				CLANG_WARN_STRICT_PROTOTYPES = YES;
				CLANG_WARN_SUSPICIOUS_MOVE = YES;
				CLANG_WARN_UNGUARDED_AVAILABILITY = YES_AGGRESSIVE;
				CLANG_WARN_UNREACHABLE_CODE = YES;
				CLANG_WARN__DUPLICATE_METHOD_MATCH = YES;
				CODE_SIGN_IDENTITY = "iPhone Developer";
				COPY_PHASE_STRIP = NO;
				DEBUG_INFORMATION_FORMAT = "dwarf-with-dsym";
				ENABLE_NS_ASSERTIONS = NO;
				ENABLE_STRICT_OBJC_MSGSEND = YES;
				GCC_C_LANGUAGE_STANDARD = gnu11;
				GCC_NO_COMMON_BLOCKS = YES;
				GCC_WARN_64_TO_32_BIT_CONVERSION = YES;
				GCC_WARN_ABOUT_RETURN_TYPE = YES_ERROR;
				GCC_WARN_UNDECLARED_SELECTOR = YES;
				GCC_WARN_UNINITIALIZED_AUTOS = YES_AGGRESSIVE;
				GCC_WARN_UNUSED_FUNCTION = YES;
				GCC_WARN_UNUSED_VARIABLE = YES;
				IPHONEOS_DEPLOYMENT_TARGET = 12.2;
				MTL_ENABLE_DEBUG_INFO = NO;
				MTL_FAST_MATH = YES;
				SDKROOT = iphoneos;
				SWIFT_COMPILATION_MODE = wholemodule;
				SWIFT_OPTIMIZATION_LEVEL = "-O";
				VALIDATE_PRODUCT = YES;
			};
			name = Release;
		};
		18482E39226455DB002FFD99 /* Debug */ = {
			isa = XCBuildConfiguration;
			buildSettings = {
				ASSETCATALOG_COMPILER_APPICON_NAME = AppIcon;
				CODE_SIGN_STYLE = Automatic;
				DEVELOPMENT_TEAM = E33ED4848M;
				INFOPLIST_FILE = UnitTestingDemo/Info.plist;
				LD_RUNPATH_SEARCH_PATHS = (
					"$(inherited)",
					"@executable_path/Frameworks",
				);
				PRODUCT_BUNDLE_IDENTIFIER = com.kayosys.UnitTestingDemo;
				PRODUCT_NAME = "$(TARGET_NAME)";
				SWIFT_VERSION = 5.0;
				TARGETED_DEVICE_FAMILY = "1,2";
			};
			name = Debug;
		};
		18482E3A226455DB002FFD99 /* Release */ = {
			isa = XCBuildConfiguration;
			buildSettings = {
				ASSETCATALOG_COMPILER_APPICON_NAME = AppIcon;
				CODE_SIGN_STYLE = Automatic;
				DEVELOPMENT_TEAM = E33ED4848M;
				INFOPLIST_FILE = UnitTestingDemo/Info.plist;
				LD_RUNPATH_SEARCH_PATHS = (
					"$(inherited)",
					"@executable_path/Frameworks",
				);
				PRODUCT_BUNDLE_IDENTIFIER = com.kayosys.UnitTestingDemo;
				PRODUCT_NAME = "$(TARGET_NAME)";
				SWIFT_VERSION = 5.0;
				TARGETED_DEVICE_FAMILY = "1,2";
			};
			name = Release;
		};
		18482E3C226455DB002FFD99 /* Debug */ = {
			isa = XCBuildConfiguration;
			buildSettings = {
				ALWAYS_EMBED_SWIFT_STANDARD_LIBRARIES = YES;
				BUNDLE_LOADER = "$(TEST_HOST)";
				CODE_SIGN_STYLE = Automatic;
				INFOPLIST_FILE = UnitTestingDemoTests/Info.plist;
				LD_RUNPATH_SEARCH_PATHS = (
					"$(inherited)",
					"@executable_path/Frameworks",
					"@loader_path/Frameworks",
				);
				PRODUCT_BUNDLE_IDENTIFIER = com.kayosys.UnitTestingDemoTests;
				PRODUCT_NAME = "$(TARGET_NAME)";
				SWIFT_VERSION = 5.0;
				TARGETED_DEVICE_FAMILY = "1,2";
				TEST_HOST = "$(BUILT_PRODUCTS_DIR)/UnitTestingDemo.app/UnitTestingDemo";
			};
			name = Debug;
		};
		18482E3D226455DB002FFD99 /* Release */ = {
			isa = XCBuildConfiguration;
			buildSettings = {
				ALWAYS_EMBED_SWIFT_STANDARD_LIBRARIES = YES;
				BUNDLE_LOADER = "$(TEST_HOST)";
				CODE_SIGN_STYLE = Automatic;
				INFOPLIST_FILE = UnitTestingDemoTests/Info.plist;
				LD_RUNPATH_SEARCH_PATHS = (
					"$(inherited)",
					"@executable_path/Frameworks",
					"@loader_path/Frameworks",
				);
				PRODUCT_BUNDLE_IDENTIFIER = com.kayosys.UnitTestingDemoTests;
				PRODUCT_NAME = "$(TARGET_NAME)";
				SWIFT_VERSION = 5.0;
				TARGETED_DEVICE_FAMILY = "1,2";
				TEST_HOST = "$(BUILT_PRODUCTS_DIR)/UnitTestingDemo.app/UnitTestingDemo";
			};
			name = Release;
		};
/* End XCBuildConfiguration section */

/* Begin XCConfigurationList section */
		18482E16226455D8002FFD99 /* Build configuration list for PBXProject "UnitTestingDemo" */ = {
			isa = XCConfigurationList;
			buildConfigurations = (
				18482E36226455DB002FFD99 /* Debug */,
				18482E37226455DB002FFD99 /* Release */,
			);
			defaultConfigurationIsVisible = 0;
			defaultConfigurationName = Release;
		};
		18482E38226455DB002FFD99 /* Build configuration list for PBXNativeTarget "UnitTestingDemo" */ = {
			isa = XCConfigurationList;
			buildConfigurations = (
				18482E39226455DB002FFD99 /* Debug */,
				18482E3A226455DB002FFD99 /* Release */,
			);
			defaultConfigurationIsVisible = 0;
			defaultConfigurationName = Release;
		};
		18482E3B226455DB002FFD99 /* Build configuration list for PBXNativeTarget "UnitTestingDemoTests" */ = {
			isa = XCConfigurationList;
			buildConfigurations = (
				18482E3C226455DB002FFD99 /* Debug */,
				18482E3D226455DB002FFD99 /* Release */,
			);
			defaultConfigurationIsVisible = 0;
			defaultConfigurationName = Release;
		};
/* End XCConfigurationList section */
	};
	rootObject = 18482E13226455D8002FFD99 /* Project object */;
}
